
Microsoft Visual Studio Solution File, Format Version 12.00
# Visual Studio 15
VisualStudioVersion = 15.0.28010.2026
MinimumVisualStudioVersion = 10.0.40219.1
Project("{FAE04EC0-301F-11D3-BF4B-00C04F79EFBC}") = "ConsoleApp1", "ConsoleApp1\ConsoleApp1.csproj", "{48893EDD-6377-4EC6-955D-0D6CE23C223A}"
EndProject
Global
	GlobalSection(SolutionConfigurationPlatforms) = preSolution
		Debug|Any CPU = Debug|Any CPU
		Release|Any CPU = Release|Any CPU
	EndGlobalSection
	GlobalSection(ProjectConfigurationPlatforms) = postSolution
		{48893EDD-6377-4EC6-955D-0D6CE23C223A}.Debug|Any CPU.ActiveCfg = Debug|Any CPU
		{48893EDD-6377-4EC6-955D-0D6CE23C223A}.Debug|Any CPU.Build.0 = Debug|Any CPU
		{48893EDD-6377-4EC6-955D-0D6CE23C223A}.Release|Any CPU.ActiveCfg = Release|Any CPU
		{48893EDD-6377-4EC6-955D-0D6CE23C223A}.Release|Any CPU.Build.0 = Release|Any CPU
	EndGlobalSection
	GlobalSection(SolutionProperties) = preSolution
		HideSolutionNode = FALSE
	EndGlobalSection
	GlobalSection(ExtensibilityGlobals) = postSolution
		SolutionGuid = {AC398EBF-1972-438A-9656-2357895FF9AE}
	EndGlobalSection
EndGlobal
